{
  "name": "webpack-test5",
  "version": "1.0.0",
  "lockfileVersion": 1,
  "requires": true,
  "dependencies": {
    "@discoveryjs/json-ext": {
      "version": "0.5.3",
      "resolved": "http://npm.visionacademy.cn/@discoveryjs%2fjson-ext/-/json-ext-0.5.3.tgz",
      "integrity": "sha1-kEIPn5xtOYfxdqGafY52QnGi9V0=",
      "dev": true
    },
    "@webpack-cli/configtest": {
      "version": "1.0.4",
      "resolved": "http://npm.visionacademy.cn/@webpack-cli%2fconfigtest/-/configtest-1.0.4.tgz",
      "integrity": "sha1-8DzmMRwIg6g9BFaeLAPGI4MW0qo=",
      "dev": true
    },
    "@webpack-cli/info": {
      "version": "1.3.0",
      "resolved": "http://npm.visionacademy.cn/@webpack-cli%2finfo/-/info-1.3.0.tgz",
      "integrity": "sha1-nXijEQGpYJl6Ss1B/9m5MAYn/is=",
      "dev": true,
      "requires": {
        "envinfo": "^7.7.3"
      }
    },
    "@webpack-cli/serve": {
      "version": "1.5.2",
      "resolved": "http://npm.visionacademy.cn/@webpack-cli%2fserve/-/serve-1.5.2.tgz",
      "integrity": "sha1-6lhLY3/2PFpHf28hYEtaIFtyyew=",
      "dev": true
    },
    "clone-deep": {
      "version": "4.0.1",
      "resolved": "http://npm.visionacademy.cn/clone-deep/-/clone-deep-4.0.1.tgz",
      "integrity": "sha1-wZ/Zvbv4WUK0/ZechNz31fB8I4c=",
      "dev": true,
      "requires": {
        "is-plain-object": "^2.0.4",
        "kind-of": "^6.0.2",
        "shallow-clone": "^3.0.0"
      }
    },
    "colorette": {
      "version": "1.3.0",
      "resolved": "http://npm.visionacademy.cn/colorette/-/colorette-1.3.0.tgz",
      "integrity": "sha1-/0XS8O2yRAadO3cq3rBP7TjQoK8=",
      "dev": true
    },
    "commander": {
      "version": "7.2.0",
      "resolved": "http://npm.visionacademy.cn/commander/-/commander-7.2.0.tgz",
      "integrity": "sha1-o2y1fQtQHOEI5NIFWaFQo5HZerc=",
      "dev": true
    },
    "cross-spawn": {
      "version": "7.0.3",
      "resolved": "http://npm.visionacademy.cn/cross-spawn/-/cross-spawn-7.0.3.tgz",
      "integrity": "sha1-9zqFudXUHQRVUcF34ogtSshXKKY=",
      "dev": true,
      "requires": {
        "path-key": "^3.1.0",
        "shebang-command": "^2.0.0",
        "which": "^2.0.1"
      }
    },
    "envinfo": {
      "version": "7.8.1",
      "resolved": "http://npm.visionacademy.cn/envinfo/-/envinfo-7.8.1.tgz",
      "integrity": "sha1-Bjd+Pl9NN5/qesWS1a2JJ+DE1HU=",
      "dev": true
    },
    "execa": {
      "version": "5.1.1",
      "resolved": "http://npm.visionacademy.cn/execa/-/execa-5.1.1.tgz",
      "integrity": "sha1-+ArZy/Qpj3vR1MlVXCHpN0HEEd0=",
      "dev": true,
      "requires": {
        "cross-spawn": "^7.0.3",
        "get-stream": "^6.0.0",
        "human-signals": "^2.1.0",
        "is-stream": "^2.0.0",
        "merge-stream": "^2.0.0",
        "npm-run-path": "^4.0.1",
        "onetime": "^5.1.2",
        "signal-exit": "^3.0.3",
        "strip-final-newline": "^2.0.0"
      }
    },
    "fastest-levenshtein": {
      "version": "1.0.12",
      "resolved": "http://npm.visionacademy.cn/fastest-levenshtein/-/fastest-levenshtein-1.0.12.tgz",
      "integrity": "sha1-mZD306iMxan/0fF0V0UlFwDUl+I=",
      "dev": true
    },
    "find-up": {
      "version": "4.1.0",
      "resolved": "http://npm.visionacademy.cn/find-up/-/find-up-4.1.0.tgz",
      "integrity": "sha1-l6/n1s3AvFkoWEt8jXsW6KmqXRk=",
      "dev": true,
      "requires": {
        "locate-path": "^5.0.0",
        "path-exists": "^4.0.0"
      }
    },
    "function-bind": {
      "version": "1.1.1",
      "resolved": "http://npm.visionacademy.cn/function-bind/-/function-bind-1.1.1.tgz",
      "integrity": "sha1-pWiZ0+o8m6uHS7l3O3xe3pL0iV0=",
      "dev": true
    },
    "get-stream": {
      "version": "6.0.1",
      "resolved": "http://npm.visionacademy.cn/get-stream/-/get-stream-6.0.1.tgz",
      "integrity": "sha1-omLY7vZ6ztV8KFKtYWdSakPL97c=",
      "dev": true
    },
    "has": {
      "version": "1.0.3",
      "resolved": "http://npm.visionacademy.cn/has/-/has-1.0.3.tgz",
      "integrity": "sha1-ci18v8H2qoJB8W3YFOAR4fQeh5Y=",
      "dev": true,
      "requires": {
        "function-bind": "^1.1.1"
      }
    },
    "human-signals": {
      "version": "2.1.0",
      "resolved": "http://npm.visionacademy.cn/human-signals/-/human-signals-2.1.0.tgz",
      "integrity": "sha1-3JH8ukLk0G5Kuu0zs+ejwC9RTqA=",
      "dev": true
    },
    "import-local": {
      "version": "3.0.2",
      "resolved": "http://npm.visionacademy.cn/import-local/-/import-local-3.0.2.tgz",
      "integrity": "sha1-qM/QQx0d5KIZlwPQA+PmI2T6bbY=",
      "dev": true,
      "requires": {
        "pkg-dir": "^4.2.0",
        "resolve-cwd": "^3.0.0"
      }
    },
    "interpret": {
      "version": "2.2.0",
      "resolved": "http://npm.visionacademy.cn/interpret/-/interpret-2.2.0.tgz",
      "integrity": "sha1-GnigtZZcQKVBbQB61vUK0nxBffk=",
      "dev": true
    },
    "is-core-module": {
      "version": "2.6.0",
      "resolved": "http://npm.visionacademy.cn/is-core-module/-/is-core-module-2.6.0.tgz",
      "integrity": "sha1-11U7JSb+Wbkro+QMjfdX7Ipwnhk=",
      "dev": true,
      "requires": {
        "has": "^1.0.3"
      }
    },
    "is-plain-object": {
      "version": "2.0.4",
      "resolved": "http://npm.visionacademy.cn/is-plain-object/-/is-plain-object-2.0.4.tgz",
      "integrity": "sha1-LBY7P6+xtgbZ0Xko8FwqHDjgdnc=",
      "dev": true,
      "requires": {
        "isobject": "^3.0.1"
      }
    },
    "is-stream": {
      "version": "2.0.1",
      "resolved": "http://npm.visionacademy.cn/is-stream/-/is-stream-2.0.1.tgz",
      "integrity": "sha1-+sHj1TuXrVqdCunO8jifWBClwHc=",
      "dev": true
    },
    "isexe": {
      "version": "2.0.0",
      "resolved": "http://npm.visionacademy.cn/isexe/-/isexe-2.0.0.tgz",
      "integrity": "sha1-6PvzdNxVb/iUehDcsFctYz8s+hA=",
      "dev": true
    },
    "isobject": {
      "version": "3.0.1",
      "resolved": "http://npm.visionacademy.cn/isobject/-/isobject-3.0.1.tgz",
      "integrity": "sha1-TkMekrEalzFjaqH5yNHMvP2reN8=",
      "dev": true
    },
    "kind-of": {
      "version": "6.0.3",
      "resolved": "http://npm.visionacademy.cn/kind-of/-/kind-of-6.0.3.tgz",
      "integrity": "sha1-B8BQNKbDSfoG4k+jWqdttFgM5N0=",
      "dev": true
    },
    "locate-path": {
      "version": "5.0.0",
      "resolved": "http://npm.visionacademy.cn/locate-path/-/locate-path-5.0.0.tgz",
      "integrity": "sha1-Gvujlq/WdqbUJQTQpno6frn2KqA=",
      "dev": true,
      "requires": {
        "p-locate": "^4.1.0"
      }
    },
    "merge-stream": {
      "version": "2.0.0",
      "resolved": "http://npm.visionacademy.cn/merge-stream/-/merge-stream-2.0.0.tgz",
      "integrity": "sha1-UoI2KaFN0AyXcPtq1H3GMQ8sH2A=",
      "dev": true
    },
    "mimic-fn": {
      "version": "2.1.0",
      "resolved": "http://npm.visionacademy.cn/mimic-fn/-/mimic-fn-2.1.0.tgz",
      "integrity": "sha1-ftLCzMyvhNP/y3pptXcR/CCDQBs=",
      "dev": true
    },
    "npm-run-path": {
      "version": "4.0.1",
      "resolved": "http://npm.visionacademy.cn/npm-run-path/-/npm-run-path-4.0.1.tgz",
      "integrity": "sha1-t+zR5e1T2o43pV4cImnguX7XSOo=",
      "dev": true,
      "requires": {
        "path-key": "^3.0.0"
      }
    },
    "onetime": {
      "version": "5.1.2",
      "resolved": "http://npm.visionacademy.cn/onetime/-/onetime-5.1.2.tgz",
      "integrity": "sha1-0Oluu1awdHbfHdnEgG5SN5hcpF4=",
      "dev": true,
      "requires": {
        "mimic-fn": "^2.1.0"
      }
    },
    "p-limit": {
      "version": "2.3.0",
      "resolved": "http://npm.visionacademy.cn/p-limit/-/p-limit-2.3.0.tgz",
      "integrity": "sha1-PdM8ZHohT9//2DWTPrCG2g3CHbE=",
      "dev": true,
      "requires": {
        "p-try": "^2.0.0"
      }
    },
    "p-locate": {
      "version": "4.1.0",
      "resolved": "http://npm.visionacademy.cn/p-locate/-/p-locate-4.1.0.tgz",
      "integrity": "sha1-o0KLtwiLOmApL2aRkni3wpetTwc=",
      "dev": true,
      "requires": {
        "p-limit": "^2.2.0"
      }
    },
    "p-try": {
      "version": "2.2.0",
      "resolved": "http://npm.visionacademy.cn/p-try/-/p-try-2.2.0.tgz",
      "integrity": "sha1-yyhoVA4xPWHeWPr741zpAE1VQOY=",
      "dev": true
    },
    "path-exists": {
      "version": "4.0.0",
      "resolved": "http://npm.visionacademy.cn/path-exists/-/path-exists-4.0.0.tgz",
      "integrity": "sha1-UTvb4tO5XXdi6METfvoZXGxhtbM=",
      "dev": true
    },
    "path-key": {
      "version": "3.1.1",
      "resolved": "http://npm.visionacademy.cn/path-key/-/path-key-3.1.1.tgz",
      "integrity": "sha1-WB9q3mWMu6ZaDTOA3ndTKVBU83U=",
      "dev": true
    },
    "path-parse": {
      "version": "1.0.7",
      "resolved": "http://npm.visionacademy.cn/path-parse/-/path-parse-1.0.7.tgz",
      "integrity": "sha1-+8EUtgykKzDZ2vWFjkvWi77bZzU=",
      "dev": true
    },
    "pkg-dir": {
      "version": "4.2.0",
      "resolved": "http://npm.visionacademy.cn/pkg-dir/-/pkg-dir-4.2.0.tgz",
      "integrity": "sha1-8JkTPfft5CLoHR2ESCcO6z5CYfM=",
      "dev": true,
      "requires": {
        "find-up": "^4.0.0"
      }
    },
    "rechoir": {
      "version": "0.7.1",
      "resolved": "http://npm.visionacademy.cn/rechoir/-/rechoir-0.7.1.tgz",
      "integrity": "sha1-lHipahyhNbXoj8An8D7pLWxkVoY=",
      "dev": true,
      "requires": {
        "resolve": "^1.9.0"
      }
    },
    "resolve": {
      "version": "1.20.0",
      "resolved": "http://npm.visionacademy.cn/resolve/-/resolve-1.20.0.tgz",
      "integrity": "sha1-YpoBP7P3B1XW8LeTXMHCxTeLGXU=",
      "dev": true,
      "requires": {
        "is-core-module": "^2.2.0",
        "path-parse": "^1.0.6"
      }
    },
    "resolve-cwd": {
      "version": "3.0.0",
      "resolved": "http://npm.visionacademy.cn/resolve-cwd/-/resolve-cwd-3.0.0.tgz",
      "integrity": "sha1-DwB18bslRHZs9zumpuKt/ryxPy0=",
      "dev": true,
      "requires": {
        "resolve-from": "^5.0.0"
      }
    },
    "resolve-from": {
      "version": "5.0.0",
      "resolved": "http://npm.visionacademy.cn/resolve-from/-/resolve-from-5.0.0.tgz",
      "integrity": "sha1-w1IlhD3493bfIcV1V7wIfp39/Gk=",
      "dev": true
    },
    "shallow-clone": {
      "version": "3.0.1",
      "resolved": "http://npm.visionacademy.cn/shallow-clone/-/shallow-clone-3.0.1.tgz",
      "integrity": "sha1-jymBrZJTH1UDWwH7IwdppA4C76M=",
      "dev": true,
      "requires": {
        "kind-of": "^6.0.2"
      }
    },
    "shebang-command": {
      "version": "2.0.0",
      "resolved": "http://npm.visionacademy.cn/shebang-command/-/shebang-command-2.0.0.tgz",
      "integrity": "sha1-zNCvT4g1+9wmW4JGGq8MNmY/NOo=",
      "dev": true,
      "requires": {
        "shebang-regex": "^3.0.0"
      }
    },
    "shebang-regex": {
      "version": "3.0.0",
      "resolved": "http://npm.visionacademy.cn/shebang-regex/-/shebang-regex-3.0.0.tgz",
      "integrity": "sha1-rhbxZE2HPsrYQ7AwexQzYtTEIXI=",
      "dev": true
    },
    "signal-exit": {
      "version": "3.0.3",
      "resolved": "http://npm.visionacademy.cn/signal-exit/-/signal-exit-3.0.3.tgz",
      "integrity": "sha1-oUEMLt2PB3sItOJTyOrPyvBXRhw=",
      "dev": true
    },
    "strip-final-newline": {
      "version": "2.0.0",
      "resolved": "http://npm.visionacademy.cn/strip-final-newline/-/strip-final-newline-2.0.0.tgz",
      "integrity": "sha1-ibhS+y/L6Tb29LMYevsKEsGrWK0=",
      "dev": true
    },
    "v8-compile-cache": {
      "version": "2.3.0",
      "resolved": "http://npm.visionacademy.cn/v8-compile-cache/-/v8-compile-cache-2.3.0.tgz",
      "integrity": "sha1-LeGWGMZtwkfc+2+ZM4A12CRaLO4=",
      "dev": true
    },
    "webpack-cli": {
      "version": "4.8.0",
      "resolved": "http://npm.visionacademy.cn/webpack-cli/-/webpack-cli-4.8.0.tgz",
      "integrity": "sha1-X8PIuUAdPIpD4q/OrPqCYZYjONE=",
      "dev": true,
      "requires": {
        "@discoveryjs/json-ext": "^0.5.0",
        "@webpack-cli/configtest": "^1.0.4",
        "@webpack-cli/info": "^1.3.0",
        "@webpack-cli/serve": "^1.5.2",
        "colorette": "^1.2.1",
        "commander": "^7.0.0",
        "execa": "^5.0.0",
        "fastest-levenshtein": "^1.0.12",
        "import-local": "^3.0.2",
        "interpret": "^2.2.0",
        "rechoir": "^0.7.0",
        "v8-compile-cache": "^2.2.0",
        "webpack-merge": "^5.7.3"
      }
    },
    "webpack-merge": {
      "version": "5.8.0",
      "resolved": "http://npm.visionacademy.cn/webpack-merge/-/webpack-merge-5.8.0.tgz",
      "integrity": "sha1-Kznb8ir4d3atdEw5AiNzHTCmj2E=",
      "dev": true,
      "requires": {
        "clone-deep": "^4.0.1",
        "wildcard": "^2.0.0"
      }
    },
    "which": {
      "version": "2.0.2",
      "resolved": "http://npm.visionacademy.cn/which/-/which-2.0.2.tgz",
      "integrity": "sha1-fGqN0KY2oDJ+ELWckobu6T8/UbE=",
      "dev": true,
      "requires": {
        "isexe": "^2.0.0"
      }
    },
    "wildcard": {
      "version": "2.0.0",
      "resolved": "http://npm.visionacademy.cn/wildcard/-/wildcard-2.0.0.tgz",
      "integrity": "sha1-p30g5SAMb6qsl55LOq3Hs91/j+w=",
      "dev": true
    }
  }
}
